// !$*UTF8*$!
{
	archiveVersion = 1;
	classes = {
	};
	objectVersion = 48;
	objects = {

/* Begin PBXBuildFile section */
		B2345A8A204A6CD500E157D4 /* main.cpp in Sources */ = {isa = PBXBuildFile; fileRef = B2345A89204A6CD500E157D4 /* main.cpp */; };
		B2345A92204A6CE600E157D4 /* XOR.cpp in Sources */ = {isa = PBXBuildFile; fileRef = B2345A90204A6CE600E157D4 /* XOR.cpp */; };
		B2345A95204A717A00E157D4 /* contest.cpp in Sources */ = {isa = PBXBuildFile; fileRef = B2345A93204A717A00E157D4 /* contest.cpp */; };
		B2345A98204B91DC00E157D4 /* sum.cpp in Sources */ = {isa = PBXBuildFile; fileRef = B2345A96204B91DC00E157D4 /* sum.cpp */; };
		B2345A9B204BE67A00E157D4 /* Dart.cpp in Sources */ = {isa = PBXBuildFile; fileRef = B2345A99204BE67900E157D4 /* Dart.cpp */; };
		B24ACD22204BFC9A00B1B87B /* combination.cpp in Sources */ = {isa = PBXBuildFile; fileRef = B24ACD20204BFC9A00B1B87B /* combination.cpp */; };
		B24ACD25204EAC2B00B1B87B /* maze.cpp in Sources */ = {isa = PBXBuildFile; fileRef = B24ACD23204EAC2B00B1B87B /* maze.cpp */; };
		B24ACD28204FA94500B1B87B /* goodnumber.cpp in Sources */ = {isa = PBXBuildFile; fileRef = B24ACD26204FA94500B1B87B /* goodnumber.cpp */; };
		B24ACD2B204FB64A00B1B87B /* b_tiling.cpp in Sources */ = {isa = PBXBuildFile; fileRef = B24ACD29204FB64A00B1B87B /* b_tiling.cpp */; };
		B25A2960206A2AD100DF54E0 /* input_1.cpp in Sources */ = {isa = PBXBuildFile; fileRef = B25A295F206A2AD100DF54E0 /* input_1.cpp */; };
		B25A2963206A2F4F00DF54E0 /* operation_1.cpp in Sources */ = {isa = PBXBuildFile; fileRef = B25A2961206A2F4F00DF54E0 /* operation_1.cpp */; };
		B25A2965206A42EE00DF54E0 /* count_10.cpp in Sources */ = {isa = PBXBuildFile; fileRef = B25A2964206A42EE00DF54E0 /* count_10.cpp */; };
		B25A2967206A497E00DF54E0 /* include_alphabet.cpp in Sources */ = {isa = PBXBuildFile; fileRef = B25A2966206A497E00DF54E0 /* include_alphabet.cpp */; };
		B25A2969206A50A600DF54E0 /* dial.cpp in Sources */ = {isa = PBXBuildFile; fileRef = B25A2968206A50A600DF54E0 /* dial.cpp */; };
		B25A296B20722CA200DF54E0 /* choose_sort.cpp in Sources */ = {isa = PBXBuildFile; fileRef = B25A296A20722CA200DF54E0 /* choose_sort.cpp */; };
		B25A296D207231E000DF54E0 /* qucik_sort.cpp in Sources */ = {isa = PBXBuildFile; fileRef = B25A296C207231E000DF54E0 /* qucik_sort.cpp */; };
		B25A296F2074DDF100DF54E0 /* secondry_search.cpp in Sources */ = {isa = PBXBuildFile; fileRef = B25A296E2074DDF100DF54E0 /* secondry_search.cpp */; };
		B25A29712074E01C00DF54E0 /* matrix.cpp in Sources */ = {isa = PBXBuildFile; fileRef = B25A29702074E01C00DF54E0 /* matrix.cpp */; };
		B25A297320762C6000DF54E0 /* reverse_add.cpp in Sources */ = {isa = PBXBuildFile; fileRef = B25A297220762C6000DF54E0 /* reverse_add.cpp */; };
/* End PBXBuildFile section */

/* Begin PBXCopyFilesBuildPhase section */
		B2345A84204A6CD500E157D4 /* CopyFiles */ = {
			isa = PBXCopyFilesBuildPhase;
			buildActionMask = 2147483647;
			dstPath = /usr/share/man/man1/;
			dstSubfolderSpec = 0;
			files = (
			);
			runOnlyForDeploymentPostprocessing = 1;
		};
/* End PBXCopyFilesBuildPhase section */

/* Begin PBXFileReference section */
		B2345A86204A6CD500E157D4 /* Algorithm_Test */ = {isa = PBXFileReference; explicitFileType = "compiled.mach-o.executable"; includeInIndex = 0; path = Algorithm_Test; sourceTree = BUILT_PRODUCTS_DIR; };
		B2345A89204A6CD500E157D4 /* main.cpp */ = {isa = PBXFileReference; lastKnownFileType = sourcecode.cpp.cpp; path = main.cpp; sourceTree = "<group>"; };
		B2345A90204A6CE600E157D4 /* XOR.cpp */ = {isa = PBXFileReference; lastKnownFileType = sourcecode.cpp.cpp; path = XOR.cpp; sourceTree = "<group>"; };
		B2345A93204A717A00E157D4 /* contest.cpp */ = {isa = PBXFileReference; lastKnownFileType = sourcecode.cpp.cpp; path = contest.cpp; sourceTree = "<group>"; };
		B2345A96204B91DC00E157D4 /* sum.cpp */ = {isa = PBXFileReference; lastKnownFileType = sourcecode.cpp.cpp; path = sum.cpp; sourceTree = "<group>"; };
		B2345A99204BE67900E157D4 /* Dart.cpp */ = {isa = PBXFileReference; lastKnownFileType = sourcecode.cpp.cpp; path = Dart.cpp; sourceTree = "<group>"; };
		B24ACD20204BFC9A00B1B87B /* combination.cpp */ = {isa = PBXFileReference; lastKnownFileType = sourcecode.cpp.cpp; path = combination.cpp; sourceTree = "<group>"; };
		B24ACD23204EAC2B00B1B87B /* maze.cpp */ = {isa = PBXFileReference; lastKnownFileType = sourcecode.cpp.cpp; path = maze.cpp; sourceTree = "<group>"; };
		B24ACD26204FA94500B1B87B /* goodnumber.cpp */ = {isa = PBXFileReference; lastKnownFileType = sourcecode.cpp.cpp; path = goodnumber.cpp; sourceTree = "<group>"; };
		B24ACD29204FB64A00B1B87B /* b_tiling.cpp */ = {isa = PBXFileReference; lastKnownFileType = sourcecode.cpp.cpp; path = b_tiling.cpp; sourceTree = "<group>"; };
		B25A295F206A2AD100DF54E0 /* input_1.cpp */ = {isa = PBXFileReference; lastKnownFileType = sourcecode.cpp.cpp; path = input_1.cpp; sourceTree = "<group>"; };
		B25A2961206A2F4F00DF54E0 /* operation_1.cpp */ = {isa = PBXFileReference; lastKnownFileType = sourcecode.cpp.cpp; path = operation_1.cpp; sourceTree = "<group>"; };
		B25A2964206A42EE00DF54E0 /* count_10.cpp */ = {isa = PBXFileReference; lastKnownFileType = sourcecode.cpp.cpp; path = count_10.cpp; sourceTree = "<group>"; };
		B25A2966206A497E00DF54E0 /* include_alphabet.cpp */ = {isa = PBXFileReference; lastKnownFileType = sourcecode.cpp.cpp; path = include_alphabet.cpp; sourceTree = "<group>"; };
		B25A2968206A50A600DF54E0 /* dial.cpp */ = {isa = PBXFileReference; lastKnownFileType = sourcecode.cpp.cpp; path = dial.cpp; sourceTree = "<group>"; };
		B25A296A20722CA200DF54E0 /* choose_sort.cpp */ = {isa = PBXFileReference; lastKnownFileType = sourcecode.cpp.cpp; path = choose_sort.cpp; sourceTree = "<group>"; };
		B25A296C207231E000DF54E0 /* qucik_sort.cpp */ = {isa = PBXFileReference; lastKnownFileType = sourcecode.cpp.cpp; path = qucik_sort.cpp; sourceTree = "<group>"; };
		B25A296E2074DDF100DF54E0 /* secondry_search.cpp */ = {isa = PBXFileReference; lastKnownFileType = sourcecode.cpp.cpp; path = secondry_search.cpp; sourceTree = "<group>"; };
		B25A29702074E01C00DF54E0 /* matrix.cpp */ = {isa = PBXFileReference; lastKnownFileType = sourcecode.cpp.cpp; path = matrix.cpp; sourceTree = "<group>"; };
		B25A297220762C6000DF54E0 /* reverse_add.cpp */ = {isa = PBXFileReference; lastKnownFileType = sourcecode.cpp.cpp; path = reverse_add.cpp; sourceTree = "<group>"; };
/* End PBXFileReference section */

/* Begin PBXFrameworksBuildPhase section */
		B2345A83204A6CD500E157D4 /* Frameworks */ = {
			isa = PBXFrameworksBuildPhase;
			buildActionMask = 2147483647;
			files = (
			);
			runOnlyForDeploymentPostprocessing = 0;
		};
/* End PBXFrameworksBuildPhase section */

/* Begin PBXGroup section */
		B2345A7D204A6CD500E157D4 = {
			isa = PBXGroup;
			children = (
				B2345A88204A6CD500E157D4 /* Algorithm_Test */,
				B2345A87204A6CD500E157D4 /* Products */,
			);
			sourceTree = "<group>";
		};
		B2345A87204A6CD500E157D4 /* Products */ = {
			isa = PBXGroup;
			children = (
				B2345A86204A6CD500E157D4 /* Algorithm_Test */,
			);
			name = Products;
			sourceTree = "<group>";
		};
		B2345A88204A6CD500E157D4 /* Algorithm_Test */ = {
			isa = PBXGroup;
			children = (
				B25A297220762C6000DF54E0 /* reverse_add.cpp */,
				B2345A89204A6CD500E157D4 /* main.cpp */,
				B2345A90204A6CE600E157D4 /* XOR.cpp */,
				B2345A93204A717A00E157D4 /* contest.cpp */,
				B2345A99204BE67900E157D4 /* Dart.cpp */,
				B24ACD20204BFC9A00B1B87B /* combination.cpp */,
				B24ACD23204EAC2B00B1B87B /* maze.cpp */,
				B24ACD26204FA94500B1B87B /* goodnumber.cpp */,
				B2345A96204B91DC00E157D4 /* sum.cpp */,
				B24ACD29204FB64A00B1B87B /* b_tiling.cpp */,
				B25A295F206A2AD100DF54E0 /* input_1.cpp */,
				B25A2961206A2F4F00DF54E0 /* operation_1.cpp */,
				B25A2964206A42EE00DF54E0 /* count_10.cpp */,
				B25A2966206A497E00DF54E0 /* include_alphabet.cpp */,
				B25A2968206A50A600DF54E0 /* dial.cpp */,
				B25A296A20722CA200DF54E0 /* choose_sort.cpp */,
				B25A296C207231E000DF54E0 /* qucik_sort.cpp */,
				B25A296E2074DDF100DF54E0 /* secondry_search.cpp */,
				B25A29702074E01C00DF54E0 /* matrix.cpp */,
			);
			path = Algorithm_Test;
			sourceTree = "<group>";
		};
/* End PBXGroup section */

/* Begin PBXNativeTarget section */
		B2345A85204A6CD500E157D4 /* Algorithm_Test */ = {
			isa = PBXNativeTarget;
			buildConfigurationList = B2345A8D204A6CD500E157D4 /* Build configuration list for PBXNativeTarget "Algorithm_Test" */;
			buildPhases = (
				B2345A82204A6CD500E157D4 /* Sources */,
				B2345A83204A6CD500E157D4 /* Frameworks */,
				B2345A84204A6CD500E157D4 /* CopyFiles */,
			);
			buildRules = (
			);
			dependencies = (
			);
			name = Algorithm_Test;
			productName = Algorithm_Test;
			productReference = B2345A86204A6CD500E157D4 /* Algorithm_Test */;
			productType = "com.apple.product-type.tool";
		};
/* End PBXNativeTarget section */

/* Begin PBXProject section */
		B2345A7E204A6CD500E157D4 /* Project object */ = {
			isa = PBXProject;
			attributes = {
				LastUpgradeCheck = 0920;
				ORGANIZATIONNAME = "Jung Ho Chu";
				TargetAttributes = {
					B2345A85204A6CD500E157D4 = {
						CreatedOnToolsVersion = 9.2;
						ProvisioningStyle = Automatic;
					};
				};
			};
			buildConfigurationList = B2345A81204A6CD500E157D4 /* Build configuration list for PBXProject "Algorithm_Test" */;
			compatibilityVersion = "Xcode 8.0";
			developmentRegion = en;
			hasScannedForEncodings = 0;
			knownRegions = (
				en,
			);
			mainGroup = B2345A7D204A6CD500E157D4;
			productRefGroup = B2345A87204A6CD500E157D4 /* Products */;
			projectDirPath = "";
			projectRoot = "";
			targets = (
				B2345A85204A6CD500E157D4 /* Algorithm_Test */,
			);
		};
/* End PBXProject section */

/* Begin PBXSourcesBuildPhase section */
		B2345A82204A6CD500E157D4 /* Sources */ = {
			isa = PBXSourcesBuildPhase;
			buildActionMask = 2147483647;
			files = (
				B25A2960206A2AD100DF54E0 /* input_1.cpp in Sources */,
				B24ACD25204EAC2B00B1B87B /* maze.cpp in Sources */,
				B25A2965206A42EE00DF54E0 /* count_10.cpp in Sources */,
				B25A296D207231E000DF54E0 /* qucik_sort.cpp in Sources */,
				B25A2967206A497E00DF54E0 /* include_alphabet.cpp in Sources */,
				B24ACD28204FA94500B1B87B /* goodnumber.cpp in Sources */,
				B2345A95204A717A00E157D4 /* contest.cpp in Sources */,
				B2345A98204B91DC00E157D4 /* sum.cpp in Sources */,
				B25A2969206A50A600DF54E0 /* dial.cpp in Sources */,
				B2345A8A204A6CD500E157D4 /* main.cpp in Sources */,
				B24ACD2B204FB64A00B1B87B /* b_tiling.cpp in Sources */,
				B25A296F2074DDF100DF54E0 /* secondry_search.cpp in Sources */,
				B25A296B20722CA200DF54E0 /* choose_sort.cpp in Sources */,
				B24ACD22204BFC9A00B1B87B /* combination.cpp in Sources */,
				B25A29712074E01C00DF54E0 /* matrix.cpp in Sources */,
				B25A2963206A2F4F00DF54E0 /* operation_1.cpp in Sources */,
				B2345A92204A6CE600E157D4 /* XOR.cpp in Sources */,
				B2345A9B204BE67A00E157D4 /* Dart.cpp in Sources */,
				B25A297320762C6000DF54E0 /* reverse_add.cpp in Sources */,
			);
			runOnlyForDeploymentPostprocessing = 0;
		};
/* End PBXSourcesBuildPhase section */

/* Begin XCBuildConfiguration section */
		B2345A8B204A6CD500E157D4 /* Debug */ = {
			isa = XCBuildConfiguration;
			buildSettings = {
				ALWAYS_SEARCH_USER_PATHS = NO;
				CLANG_ANALYZER_NONNULL = YES;
				CLANG_ANALYZER_NUMBER_OBJECT_CONVERSION = YES_AGGRESSIVE;
				CLANG_CXX_LANGUAGE_STANDARD = "gnu++14";
				CLANG_CXX_LIBRARY = "libc++";
				CLANG_ENABLE_MODULES = YES;
				CLANG_ENABLE_OBJC_ARC = YES;
				CLANG_WARN_BLOCK_CAPTURE_AUTORELEASING = YES;
				CLANG_WARN_BOOL_CONVERSION = YES;
				CLANG_WARN_COMMA = YES;
				CLANG_WARN_CONSTANT_CONVERSION = YES;
				CLANG_WARN_DIRECT_OBJC_ISA_USAGE = YES_ERROR;
				CLANG_WARN_DOCUMENTATION_COMMENTS = YES;
				CLANG_WARN_EMPTY_BODY = YES;
				CLANG_WARN_ENUM_CONVERSION = YES;
				CLANG_WARN_INFINITE_RECURSION = YES;
				CLANG_WARN_INT_CONVERSION = YES;
				CLANG_WARN_NON_LITERAL_NULL_CONVERSION = YES;
				CLANG_WARN_OBJC_LITERAL_CONVERSION = YES;
				CLANG_WARN_OBJC_ROOT_CLASS = YES_ERROR;
				CLANG_WARN_RANGE_LOOP_ANALYSIS = YES;
				CLANG_WARN_STRICT_PROTOTYPES = YES;
				CLANG_WARN_SUSPICIOUS_MOVE = YES;
				CLANG_WARN_UNGUARDED_AVAILABILITY = YES_AGGRESSIVE;
				CLANG_WARN_UNREACHABLE_CODE = YES;
				CLANG_WARN__DUPLICATE_METHOD_MATCH = YES;
				CODE_SIGN_IDENTITY = "Mac Developer";
				COPY_PHASE_STRIP = NO;
				DEBUG_INFORMATION_FORMAT = dwarf;
				ENABLE_STRICT_OBJC_MSGSEND = YES;
				ENABLE_TESTABILITY = YES;
				GCC_C_LANGUAGE_STANDARD = gnu11;
				GCC_DYNAMIC_NO_PIC = NO;
				GCC_NO_COMMON_BLOCKS = YES;
				GCC_OPTIMIZATION_LEVEL = 0;
				GCC_PREPROCESSOR_DEFINITIONS = (
					"DEBUG=1",
					"$(inherited)",
				);
				GCC_WARN_64_TO_32_BIT_CONVERSION = YES;
				GCC_WARN_ABOUT_RETURN_TYPE = YES_ERROR;
				GCC_WARN_UNDECLARED_SELECTOR = YES;
				GCC_WARN_UNINITIALIZED_AUTOS = YES_AGGRESSIVE;
				GCC_WARN_UNUSED_FUNCTION = YES;
				GCC_WARN_UNUSED_VARIABLE = YES;
				MACOSX_DEPLOYMENT_TARGET = 10.13;
				MTL_ENABLE_DEBUG_INFO = YES;
				ONLY_ACTIVE_ARCH = YES;
				SDKROOT = macosx;
			};
			name = Debug;
		};
		B2345A8C204A6CD500E157D4 /* Release */ = {
			isa = XCBuildConfiguration;
			buildSettings = {
				ALWAYS_SEARCH_USER_PATHS = NO;
				CLANG_ANALYZER_NONNULL = YES;
				CLANG_ANALYZER_NUMBER_OBJECT_CONVERSION = YES_AGGRESSIVE;
				CLANG_CXX_LANGUAGE_STANDARD = "gnu++14";
				CLANG_CXX_LIBRARY = "libc++";
				CLANG_ENABLE_MODULES = YES;
				CLANG_ENABLE_OBJC_ARC = YES;
				CLANG_WARN_BLOCK_CAPTURE_AUTORELEASING = YES;
				CLANG_WARN_BOOL_CONVERSION = YES;
				CLANG_WARN_COMMA = YES;
				CLANG_WARN_CONSTANT_CONVERSION = YES;
				CLANG_WARN_DIRECT_OBJC_ISA_USAGE = YES_ERROR;
				CLANG_WARN_DOCUMENTATION_COMMENTS = YES;
				CLANG_WARN_EMPTY_BODY = YES;
				CLANG_WARN_ENUM_CONVERSION = YES;
				CLANG_WARN_INFINITE_RECURSION = YES;
				CLANG_WARN_INT_CONVERSION = YES;
				CLANG_WARN_NON_LITERAL_NULL_CONVERSION = YES;
				CLANG_WARN_OBJC_LITERAL_CONVERSION = YES;
				CLANG_WARN_OBJC_ROOT_CLASS = YES_ERROR;
				CLANG_WARN_RANGE_LOOP_ANALYSIS = YES;
				CLANG_WARN_STRICT_PROTOTYPES = YES;
				CLANG_WARN_SUSPICIOUS_MOVE = YES;
				CLANG_WARN_UNGUARDED_AVAILABILITY = YES_AGGRESSIVE;
				CLANG_WARN_UNREACHABLE_CODE = YES;
				CLANG_WARN__DUPLICATE_METHOD_MATCH = YES;
				CODE_SIGN_IDENTITY = "Mac Developer";
				COPY_PHASE_STRIP = NO;
				DEBUG_INFORMATION_FORMAT = "dwarf-with-dsym";
				ENABLE_NS_ASSERTIONS = NO;
				ENABLE_STRICT_OBJC_MSGSEND = YES;
				GCC_C_LANGUAGE_STANDARD = gnu11;
				GCC_NO_COMMON_BLOCKS = YES;
				GCC_WARN_64_TO_32_BIT_CONVERSION = YES;
				GCC_WARN_ABOUT_RETURN_TYPE = YES_ERROR;
				GCC_WARN_UNDECLARED_SELECTOR = YES;
				GCC_WARN_UNINITIALIZED_AUTOS = YES_AGGRESSIVE;
				GCC_WARN_UNUSED_FUNCTION = YES;
				GCC_WARN_UNUSED_VARIABLE = YES;
				MACOSX_DEPLOYMENT_TARGET = 10.13;
				MTL_ENABLE_DEBUG_INFO = NO;
				SDKROOT = macosx;
			};
			name = Release;
		};
		B2345A8E204A6CD500E157D4 /* Debug */ = {
			isa = XCBuildConfiguration;
			buildSettings = {
				CODE_SIGN_STYLE = Automatic;
				DEVELOPMENT_TEAM = PXBFWXK3BB;
				PRODUCT_NAME = "$(TARGET_NAME)";
			};
			name = Debug;
		};
		B2345A8F204A6CD500E157D4 /* Release */ = {
			isa = XCBuildConfiguration;
			buildSettings = {
				CODE_SIGN_STYLE = Automatic;
				DEVELOPMENT_TEAM = PXBFWXK3BB;
				PRODUCT_NAME = "$(TARGET_NAME)";
			};
			name = Release;
		};
/* End XCBuildConfiguration section */

/* Begin XCConfigurationList section */
		B2345A81204A6CD500E157D4 /* Build configuration list for PBXProject "Algorithm_Test" */ = {
			isa = XCConfigurationList;
			buildConfigurations = (
				B2345A8B204A6CD500E157D4 /* Debug */,
				B2345A8C204A6CD500E157D4 /* Release */,
			);
			defaultConfigurationIsVisible = 0;
			defaultConfigurationName = Release;
		};
		B2345A8D204A6CD500E157D4 /* Build configuration list for PBXNativeTarget "Algorithm_Test" */ = {
			isa = XCConfigurationList;
			buildConfigurations = (
				B2345A8E204A6CD500E157D4 /* Debug */,
				B2345A8F204A6CD500E157D4 /* Release */,
			);
			defaultConfigurationIsVisible = 0;
			defaultConfigurationName = Release;
		};
/* End XCConfigurationList section */
	};
	rootObject = B2345A7E204A6CD500E157D4 /* Project object */;
}
